[[package]]
name = "altgraph"
version = "0.17.2"
description = "Python graph (network) package"
category = "main"
optional = false
python-versions = "*"

[[package]]
name = "args"
version = "0.1.0"
description = "Command Arguments for Humans."
category = "main"
optional = false
python-versions = "*"

[[package]]
name = "cachetools"
version = "5.2.0"
description = "Extensible memoizing collections and decorators"
category = "main"
optional = false
python-versions = "~=3.7"

[[package]]
name = "certifi"
version = "2021.10.8"
description = "Python package for providing Mozilla's CA Bundle."
category = "main"
optional = false
python-versions = "*"

[[package]]
name = "charset-normalizer"
version = "2.0.12"
description = "The Real First Universal Charset Detector. Open, modern and actively maintained alternative to Chardet."
category = "main"
optional = false
python-versions = ">=3.5.0"

[package.extras]
unicode_backport = ["unicodedata2"]

[[package]]
name = "clint"
version = "0.5.1"
description = "Python Command Line Interface Tools"
category = "main"
optional = false
python-versions = "*"

[package.dependencies]
args = "*"

[[package]]
name = "future"
version = "0.18.2"
description = "Clean single-source support for Python 3 and 2"
category = "main"
optional = false
python-versions = ">=2.6, !=3.0.*, !=3.1.*, !=3.2.*"

[[package]]
name = "idna"
version = "3.3"
description = "Internationalized Domain Names in Applications (IDNA)"
category = "main"
optional = false
python-versions = ">=3.5"

[[package]]
name = "macholib"
version = "1.15.2"
description = "Mach-O header analysis and editing"
category = "main"
optional = false
python-versions = "*"

[package.dependencies]
altgraph = ">=0.15"

[[package]]
name = "pefile"
version = "2021.9.3"
description = "Python PE parsing module"
category = "main"
optional = false
python-versions = ">=3.6.0"

[package.dependencies]
future = "*"

[[package]]
name = "py2exe"
version = "0.11.1.1"
description = "Build standalone executables for Windows"
category = "main"
optional = false
python-versions = ">=3.7, <3.11"

[package.dependencies]
cachetools = "*"
pefile = "*"

[[package]]
name = "pyinstaller"
version = "4.10"
description = "PyInstaller bundles a Python application and all its dependencies into a single package."
category = "main"
optional = false
python-versions = "<3.11,>=3.6"

[package.dependencies]
altgraph = "*"
macholib = {version = ">=1.8", markers = "sys_platform == \"darwin\""}
pefile = {version = ">=2017.8.1", markers = "sys_platform == \"win32\""}
pyinstaller-hooks-contrib = ">=2020.6"
pywin32-ctypes = {version = ">=0.2.0", markers = "sys_platform == \"win32\""}

[package.extras]
encryption = ["tinyaes (>=1.0.0)"]
hook_testing = ["pytest (>=2.7.3)", "execnet (>=1.5.0)", "psutil"]

[[package]]
name = "pyinstaller-hooks-contrib"
version = "2022.2"
description = "Community maintained hooks for PyInstaller"
category = "main"
optional = false
python-versions = ">=3.7"

[[package]]
name = "pywin32-ctypes"
version = "0.2.0"
description = ""
category = "main"
optional = false
python-versions = "*"

[[package]]
name = "requests"
version = "2.27.1"
description = "Python HTTP for Humans."
category = "main"
optional = false
python-versions = ">=2.7, !=3.0.*, !=3.1.*, !=3.2.*, !=3.3.*, !=3.4.*, !=3.5.*"

[package.dependencies]
certifi = ">=2017.4.17"
charset-normalizer = {version = ">=2.0.0,<2.1.0", markers = "python_version >= \"3\""}
idna = {version = ">=2.5,<4", markers = "python_version >= \"3\""}
urllib3 = ">=1.21.1,<1.27"

[package.extras]
socks = ["PySocks (>=1.5.6,!=1.5.7)", "win-inet-pton"]
use_chardet_on_py3 = ["chardet (>=3.0.2,<5)"]

[[package]]
name = "urllib3"
version = "1.26.8"
description = "HTTP library with thread-safe connection pooling, file post, and more."
category = "main"
optional = false
python-versions = ">=2.7, !=3.0.*, !=3.1.*, !=3.2.*, !=3.3.*, !=3.4.*, <4"

[package.extras]
brotli = ["brotlipy (>=0.6.0)"]
secure = ["pyOpenSSL (>=0.14)", "cryptography (>=1.3.4)", "idna (>=2.0.0)", "certifi", "ipaddress"]
socks = ["PySocks (>=1.5.6,!=1.5.7,<2.0)"]

[metadata]
lock-version = "1.1"
python-versions = "~3.9"
content-hash = "97f1b9652157cdb1e072a2e74c8a086466100998e5b7afc1a927e41eea871994"

[metadata.files]
altgraph = [
    {file = "altgraph-0.17.2-py2.py3-none-any.whl", hash = "sha256:743628f2ac6a7c26f5d9223c91ed8ecbba535f506f4b6f558885a8a56a105857"},
    {file = "altgraph-0.17.2.tar.gz", hash = "sha256:ebf2269361b47d97b3b88e696439f6e4cbc607c17c51feb1754f90fb79839158"},
]
args = [
    {file = "args-0.1.0.tar.gz", hash = "sha256:a785b8d837625e9b61c39108532d95b85274acd679693b71ebb5156848fcf814"},
]
cachetools = [
    {file = "cachetools-5.2.0-py3-none-any.whl", hash = "sha256:f9f17d2aec496a9aa6b76f53e3b614c965223c061982d434d160f930c698a9db"},
    {file = "cachetools-5.2.0.tar.gz", hash = "sha256:6a94c6402995a99c3970cc7e4884bb60b4a8639938157eeed436098bf9831757"},
]
certifi = [
    {file = "certifi-2021.10.8-py2.py3-none-any.whl", hash = "sha256:d62a0163eb4c2344ac042ab2bdf75399a71a2d8c7d47eac2e2ee91b9d6339569"},
    {file = "certifi-2021.10.8.tar.gz", hash = "sha256:78884e7c1d4b00ce3cea67b44566851c4343c120abd683433ce934a68ea58872"},
]
charset-normalizer = [
    {file = "charset-normalizer-2.0.12.tar.gz", hash = "sha256:2857e29ff0d34db842cd7ca3230549d1a697f96ee6d3fb071cfa6c7393832597"},
    {file = "charset_normalizer-2.0.12-py3-none-any.whl", hash = "sha256:6881edbebdb17b39b4eaaa821b438bf6eddffb4468cf344f09f89def34a8b1df"},
]
clint = [
    {file = "clint-0.5.1.tar.gz", hash = "sha256:05224c32b1075563d0b16d0015faaf9da43aa214e4a2140e51f08789e7a4c5aa"},
]
future = [
    {file = "future-0.18.2.tar.gz", hash = "sha256:b1bead90b70cf6ec3f0710ae53a525360fa360d306a86583adc6bf83a4db537d"},
]
idna = [
    {file = "idna-3.3-py3-none-any.whl", hash = "sha256:84d9dd047ffa80596e0f246e2eab0b391788b0503584e8945f2368256d2735ff"},
    {file = "idna-3.3.tar.gz", hash = "sha256:9d643ff0a55b762d5cdb124b8eaa99c66322e2157b69160bc32796e824360e6d"},
]
macholib = [
    {file = "macholib-1.15.2-py2.py3-none-any.whl", hash = "sha256:885613dd02d3e26dbd2b541eb4cc4ce611b841f827c0958ab98656e478b9e6f6"},
    {file = "macholib-1.15.2.tar.gz", hash = "sha256:1542c41da3600509f91c165cb897e7e54c0e74008bd8da5da7ebbee519d593d2"},
]
pefile = [
    {file = "pefile-2021.9.3.tar.gz", hash = "sha256:344a49e40a94e10849f0fe34dddc80f773a12b40675bf2f7be4b8be578bdd94a"},
]
py2exe = [
    {file = "py2exe-0.11.1.1-cp310-cp310-win32.whl", hash = "sha256:04cb0b2f9ff4a443b6cde171a617f5b2306c1529cff58e90a8e046474abb2ca4"},
    {file = "py2exe-0.11.1.1-cp310-cp310-win_amd64.whl", hash = "sha256:31423d29dfc767c9d523037f2b0c8c65343b600eb6cd7913a1e80e2e2edd4ca9"},
    {file = "py2exe-0.11.1.1-cp37-cp37m-win32.whl", hash = "sha256:55daf0a721ebb3eeebccffc22e3402a72f485ba32b9a826c4a16199a65847d93"},
    {file = "py2exe-0.11.1.1-cp37-cp37m-win_amd64.whl", hash = "sha256:5e1786411b02854a4cbb1dd3e1d16f6ff1920457170b3f33a67ade1a76d00ed8"},
    {file = "py2exe-0.11.1.1-cp38-cp38-win32.whl", hash = "sha256:3b156daf52de3bc24261ff05969148460fc04cc50e17b207c6cb78fe193958a3"},
    {file = "py2exe-0.11.1.1-cp38-cp38-win_amd64.whl", hash = "sha256:3811065e043e3f9a588320ace57403d8a97917c8fe0f51759da71960abc441c2"},
    {file = "py2exe-0.11.1.1-cp39-cp39-win32.whl", hash = "sha256:beacf6d496eab738d55df9701eb60623e11169993552d9cb8d1f20c279d2b323"},
    {file = "py2exe-0.11.1.1-cp39-cp39-win_amd64.whl", hash = "sha256:13962fef7b185fe7aaef3b857d925950b49e60b801e1cf995135c8fe146b2dd3"},
    {file = "py2exe-0.11.1.1.tar.gz", hash = "sha256:210018c7f99fa74f9542d7ef5248abc1e19e7deac706e600fdbbbf1aac09cc91"},
]
pyinstaller = [
    {file = "pyinstaller-4.10-py3-none-macosx_10_13_universal2.whl", hash = "sha256:15557cd1a79d182967f0a5040750e6902e13ebd6cab41e3ed84d7b28a306357b"},
    {file = "pyinstaller-4.10-py3-none-manylinux2014_aarch64.whl", hash = "sha256:f2166ff2cd95eefb0d377ae8d1071f186fa25edd410ede65b376162d5ec41909"},
    {file = "pyinstaller-4.10-py3-none-manylinux2014_i686.whl", hash = "sha256:7d94518ba1f8e9a8577345312276891ad7d6cd9785e453e9951b35647e2c7078"},
    {file = "pyinstaller-4.10-py3-none-manylinux2014_ppc64le.whl", hash = "sha256:70c71e827f4b34602cbc7a0947a067b662c1cbdc4db51832e13b97cca3c54dd7"},
    {file = "pyinstaller-4.10-py3-none-manylinux2014_s390x.whl", hash = "sha256:05c21117b84199272ebd355b556af4714f6e79245e1c435d6f16653786d7d17e"},
    {file = "pyinstaller-4.10-py3-none-manylinux2014_x86_64.whl", hash = "sha256:714c4dcc319a41416744d1e30c6317405dfaed80d2adc45f8bfa70dc7367e664"},
    {file = "pyinstaller-4.10-py3-none-musllinux_1_1_aarch64.whl", hash = "sha256:581620bdcd32f01e89b13231256b807bb090e7eadf40c81c864ec402afa4758a"},
    {file = "pyinstaller-4.10-py3-none-musllinux_1_1_x86_64.whl", hash = "sha256:d4f79c0a774451f12baca4e476376418f011fa3039dde8fd172ea2aa8ff67bad"},
    {file = "pyinstaller-4.10-py3-none-win32.whl", hash = "sha256:cfed0b3a43e73550a43a094610328109564710b9514afa093ef7199d072cae87"},
    {file = "pyinstaller-4.10-py3-none-win_amd64.whl", hash = "sha256:0dcaf6557cdb2da763c46e06e95a94a7634ab03fb09d91bc77988b01ee05c907"},
    {file = "pyinstaller-4.10.tar.gz", hash = "sha256:7749c868d2e2dc84df7d6f65437226183c8a366f3a99bb2737785625c3a3cca1"},
]
pyinstaller-hooks-contrib = [
    {file = "pyinstaller-hooks-contrib-2022.2.tar.gz", hash = "sha256:ab1d14fe053016fff7b0c6aea51d980bac6d02114b04063b46ef7dac70c70e1e"},
    {file = "pyinstaller_hooks_contrib-2022.2-py2.py3-none-any.whl", hash = "sha256:7605e440ccb55904cb2a87d72e83642ef176fb7030c77e52ac4d9679bb3d1537"},
]
pywin32-ctypes = [
    {file = "pywin32-ctypes-0.2.0.tar.gz", hash = "sha256:24ffc3b341d457d48e8922352130cf2644024a4ff09762a2261fd34c36ee5942"},
    {file = "pywin32_ctypes-0.2.0-py2.py3-none-any.whl", hash = "sha256:9dc2d991b3479cc2df15930958b674a48a227d5361d413827a4cfd0b5876fc98"},
]
requests = [
    {file = "requests-2.27.1-py2.py3-none-any.whl", hash = "sha256:f22fa1e554c9ddfd16e6e41ac79759e17be9e492b3587efa038054674760e72d"},
    {file = "requests-2.27.1.tar.gz", hash = "sha256:68d7c56fd5a8999887728ef304a6d12edc7be74f1cfa47714fc8b414525c9a61"},
]
urllib3 = [
    {file = "urllib3-1.26.8-py2.py3-none-any.whl", hash = "sha256:000ca7f471a233c2251c6c7023ee85305721bfdf18621ebff4fd17a8653427ed"},
    {file = "urllib3-1.26.8.tar.gz", hash = "sha256:0e7c33d9a63e7ddfcb86780aac87befc2fbddf46c58dbb487e0855f7ceec283c"},
]
